
Microsoft Visual Studio Solution File, Format Version 12.00
# Visual Studio Version 16
VisualStudioVersion = 16.0.31112.23
MinimumVisualStudioVersion = 10.0.40219.1
Project("{FAE04EC0-301F-11D3-BF4B-00C04F79EFBC}") = "RobloxAssetDownloader", "RobloxAssetDownloader\RobloxAssetDownloader.csproj", "{0469D9EF-8197-48D0-8747-59D3A1FD6112}"
EndProject
Global
	GlobalSection(SolutionConfigurationPlatforms) = preSolution
		Debug|Any CPU = Debug|Any CPU
		Release|Any CPU = Release|Any CPU
	EndGlobalSection
	GlobalSection(ProjectConfigurationPlatforms) = postSolution
		{0469D9EF-8197-48D0-8747-59D3A1FD6112}.Debug|Any CPU.ActiveCfg = Debug|Any CPU
		{0469D9EF-8197-48D0-8747-59D3A1FD6112}.Debug|Any CPU.Build.0 = Debug|Any CPU
		{0469D9EF-8197-48D0-8747-59D3A1FD6112}.Release|Any CPU.ActiveCfg = Release|Any CPU
		{0469D9EF-8197-48D0-8747-59D3A1FD6112}.Release|Any CPU.Build.0 = Release|Any CPU
	EndGlobalSection
	GlobalSection(SolutionProperties) = preSolution
		HideSolutionNode = FALSE
	EndGlobalSection
	GlobalSection(ExtensibilityGlobals) = postSolution
		SolutionGuid = {7E3D67E1-E130-4B25-93BD-B61A032DE3C4}
	EndGlobalSection
EndGlobal
